
Microsoft Visual Studio Solution File, Format Version 12.00
# Visual Studio 15
VisualStudioVersion = 15.0.27130.2036
MinimumVisualStudioVersion = 10.0.40219.1
Project("{FAE04EC0-301F-11D3-BF4B-00C04F79EFBC}") = "ChromaticAbberation", "ChromaticAbberation\ChromaticAbberation.csproj", "{0F91F5C3-BB19-43C8-951E-BFB094F20E9A}"
EndProject
Project("{FAE04EC0-301F-11D3-BF4B-00C04F79EFBC}") = "Nez", "..\..\Nez\Nez.Portable\Nez.csproj", "{60B7197D-D0D5-405C-90A2-A56903E9B039}"
EndProject
Global
	GlobalSection(SolutionConfigurationPlatforms) = preSolution
		Debug|Any CPU = Debug|Any CPU
		Debug|x64 = Debug|x64
		Release|Any CPU = Release|Any CPU
		Release|x64 = Release|x64
	EndGlobalSection
	GlobalSection(ProjectConfigurationPlatforms) = postSolution
		{0F91F5C3-BB19-43C8-951E-BFB094F20E9A}.Debug|Any CPU.ActiveCfg = Debug|Any CPU
		{0F91F5C3-BB19-43C8-951E-BFB094F20E9A}.Debug|Any CPU.Build.0 = Debug|Any CPU
		{0F91F5C3-BB19-43C8-951E-BFB094F20E9A}.Debug|x64.ActiveCfg = Debug|Any CPU
		{0F91F5C3-BB19-43C8-951E-BFB094F20E9A}.Debug|x64.Build.0 = Debug|Any CPU
		{0F91F5C3-BB19-43C8-951E-BFB094F20E9A}.Release|Any CPU.ActiveCfg = Release|Any CPU
		{0F91F5C3-BB19-43C8-951E-BFB094F20E9A}.Release|Any CPU.Build.0 = Release|Any CPU
		{0F91F5C3-BB19-43C8-951E-BFB094F20E9A}.Release|x64.ActiveCfg = Release|Any CPU
		{0F91F5C3-BB19-43C8-951E-BFB094F20E9A}.Release|x64.Build.0 = Release|Any CPU
		{60B7197D-D0D5-405C-90A2-A56903E9B039}.Debug|Any CPU.ActiveCfg = Debug|Any CPU
		{60B7197D-D0D5-405C-90A2-A56903E9B039}.Debug|Any CPU.Build.0 = Debug|Any CPU
		{60B7197D-D0D5-405C-90A2-A56903E9B039}.Debug|x64.ActiveCfg = Debug|x64
		{60B7197D-D0D5-405C-90A2-A56903E9B039}.Debug|x64.Build.0 = Debug|x64
		{60B7197D-D0D5-405C-90A2-A56903E9B039}.Release|Any CPU.ActiveCfg = Release|Any CPU
		{60B7197D-D0D5-405C-90A2-A56903E9B039}.Release|Any CPU.Build.0 = Release|Any CPU
		{60B7197D-D0D5-405C-90A2-A56903E9B039}.Release|x64.ActiveCfg = Release|x64
		{60B7197D-D0D5-405C-90A2-A56903E9B039}.Release|x64.Build.0 = Release|x64
	EndGlobalSection
	GlobalSection(SolutionProperties) = preSolution
		HideSolutionNode = FALSE
	EndGlobalSection
	GlobalSection(ExtensibilityGlobals) = postSolution
		SolutionGuid = {DF21E2ED-D60D-4F73-A448-4D9354F35575}
	EndGlobalSection
EndGlobal
